
Microsoft Visual Studio Solution File, Format Version 12.00
Project("{FAE04EC0-301F-11D3-BF4B-00C04F79EFBC}") = "A_ArrayAndRandom", "A_ArrayAndRandom\A_ArrayAndRandom.csproj", "{CE96A1FC-5582-4326-BF30-C431A3E23546}"
EndProject
Project("{FAE04EC0-301F-11D3-BF4B-00C04F79EFBC}") = "B_SummeBerechnen", "B_SummeBerechnen\B_SummeBerechnen.csproj", "{8ACEC611-FC6B-4E7D-809B-9B4F02AC5871}"
EndProject
Project("{FAE04EC0-301F-11D3-BF4B-00C04F79EFBC}") = "C_potenz", "C_potenz\C_potenz.csproj", "{C3888B5B-5D7B-49EF-A2B5-7A32CD5E50E4}"
EndProject
Project("{FAE04EC0-301F-11D3-BF4B-00C04F79EFBC}") = "D_Primzahlen", "D_Primzahlen\D_Primzahlen.csproj", "{0B15D15A-F603-4172-BFF9-A88072C66C2A}"
EndProject
Project("{FAE04EC0-301F-11D3-BF4B-00C04F79EFBC}") = "E_Fibo", "E_Fibo\E_Fibo.csproj", "{E70CEEFF-DFCB-4EB2-B061-29AE840D388C}"
EndProject
Project("{FAE04EC0-301F-11D3-BF4B-00C04F79EFBC}") = "F_UnterschiedeRefOutParams", "F_UnterschiedeRefOutParams\F_UnterschiedeRefOutParams.csproj", "{47902F5F-D4BE-45E5-B89D-D35C33B8728A}"
EndProject
Project("{FAE04EC0-301F-11D3-BF4B-00C04F79EFBC}") = "G_StringFindAll", "G_StringFindAll\G_StringFindAll.csproj", "{08166960-4174-42E3-B47D-2D2BA09345CC}"
EndProject
Project("{FAE04EC0-301F-11D3-BF4B-00C04F79EFBC}") = "H_Palindrom", "H_Palindrom\H_Palindrom.csproj", "{3617E905-CCDF-4EF1-BB73-C61DE5111C76}"
EndProject
Project("{FAE04EC0-301F-11D3-BF4B-00C04F79EFBC}") = "I_Kontakt", "I_Kontakt\I_Kontakt.csproj", "{A593CA46-0163-4DDD-8ABB-B6D920305DC5}"
EndProject
Project("{FAE04EC0-301F-11D3-BF4B-00C04F79EFBC}") = "J_Buch", "J_Buch\J_Buch.csproj", "{E16D93A8-3D10-47E0-AD08-489D51E7C654}"
EndProject
Project("{FAE04EC0-301F-11D3-BF4B-00C04F79EFBC}") = "InAndOut", "InAndOut\InAndOut.csproj", "{14B8A285-4D4A-47C3-BC61-A11E8A8E34CC}"
EndProject
Project("{FAE04EC0-301F-11D3-BF4B-00C04F79EFBC}") = "K_Polynomen", "K_Polynomen\K_Polynomen.csproj", "{CEAFFD74-D590-4C60-9E93-0B6ECE20FEE2}"
EndProject
Project("{FAE04EC0-301F-11D3-BF4B-00C04F79EFBC}") = "L_OperatorUeberladung", "L_OperatorUeberladung\L_OperatorUeberladung.csproj", "{30712A73-0948-46FF-825C-C4D62D30E0A8}"
EndProject
Project("{FAE04EC0-301F-11D3-BF4B-00C04F79EFBC}") = "M_KundenInterface", "M_KundenInterface\M_KundenInterface.csproj", "{D4334E17-9B24-4271-B052-B41AECBC9E5C}"
EndProject
Project("{FAE04EC0-301F-11D3-BF4B-00C04F79EFBC}") = "N_VererbungZooAndPlusEquals", "N_VererbungZooAndPlusEquals\N_VererbungZooAndPlusEquals.csproj", "{DE035077-DA37-44EE-BFC5-2447BA01B181}"
EndProject
Project("{FAE04EC0-301F-11D3-BF4B-00C04F79EFBC}") = "O_Queue", "O_Queue\O_Queue.csproj", "{1AF80CC2-040E-4F0D-8FF2-FA7C827226FE}"
EndProject
Project("{FAE04EC0-301F-11D3-BF4B-00C04F79EFBC}") = "P_Delegates", "P_Delegates\P_Delegates.csproj", "{A307F6C1-8222-4671-B205-6B879A7662CF}"
EndProject
Project("{FAE04EC0-301F-11D3-BF4B-00C04F79EFBC}") = "Q_DelegateFeld", "Q_DelegateFeld\Q_DelegateFeld.csproj", "{359DBE11-11FA-4D93-82DF-79FEBEB67026}"
EndProject
Project("{FAE04EC0-301F-11D3-BF4B-00C04F79EFBC}") = "R_Lambda", "R_Lambda\R_Lambda.csproj", "{285A4133-4BFF-4BA3-AACC-F83DD08FCC92}"
EndProject
Project("{FAE04EC0-301F-11D3-BF4B-00C04F79EFBC}") = "S_NewtonLabda", "S_NewtonLabda\S_NewtonLabda.csproj", "{B0CBAF70-C631-4F3C-B488-1D0369DF628C}"
EndProject
Project("{FAE04EC0-301F-11D3-BF4B-00C04F79EFBC}") = "T_Enumerator", "T_Enumerator\T_Enumerator.csproj", "{E72BB973-4F5C-4CED-BC1F-69393BD5CACF}"
EndProject
Project("{FAE04EC0-301F-11D3-BF4B-00C04F79EFBC}") = "U_EnumFindAll", "U_EnumFindAll\U_EnumFindAll.csproj", "{33CA70D3-A7E2-47E3-92DC-B2544EA0357D}"
EndProject
Project("{FAE04EC0-301F-11D3-BF4B-00C04F79EFBC}") = "V_LINQ", "V_LINQ\V_LINQ.csproj", "{857E9B28-8C4F-4753-881A-51562990BEE6}"
EndProject
Project("{FAE04EC0-301F-11D3-BF4B-00C04F79EFBC}") = "W_GUI", "W_GUI\W_GUI.csproj", "{ED0C908E-D09B-4314-A608-F80938BD52C5}"
EndProject
Project("{FAE04EC0-301F-11D3-BF4B-00C04F79EFBC}") = "x_Threads", "x_Threads\x_Threads.csproj", "{8280E462-A713-4952-B001-F465E98AB0F5}"
EndProject
Project("{FAE04EC0-301F-11D3-BF4B-00C04F79EFBC}") = "Y_ParallelSieb", "Y_ParallelSieb\Y_ParallelSieb.csproj", "{81B1AA59-F7BD-402B-937A-8FE565161081}"
EndProject
Project("{FAE04EC0-301F-11D3-BF4B-00C04F79EFBC}") = "Z_ThreadPool", "Z_ThreadPool\Z_ThreadPool.csproj", "{2CCD4503-EC5F-497F-B918-2C3B55B9DBDF}"
EndProject
Project("{FAE04EC0-301F-11D3-BF4B-00C04F79EFBC}") = "zz_Tasks", "zz_Tasks\zz_Tasks.csproj", "{950314F4-A77F-4CF2-96C7-794779652926}"
EndProject
Project("{FAE04EC0-301F-11D3-BF4B-00C04F79EFBC}") = "zzz_Probeklausur", "zzz_Probeklausur\zzz_Probeklausur.csproj", "{A24589A5-C158-4B83-BA00-53DDD47614D7}"
EndProject
Global
	GlobalSection(SolutionConfigurationPlatforms) = preSolution
		Debug|Any CPU = Debug|Any CPU
		Release|Any CPU = Release|Any CPU
	EndGlobalSection
	GlobalSection(ProjectConfigurationPlatforms) = postSolution
		{CE96A1FC-5582-4326-BF30-C431A3E23546}.Debug|Any CPU.ActiveCfg = Debug|Any CPU
		{CE96A1FC-5582-4326-BF30-C431A3E23546}.Debug|Any CPU.Build.0 = Debug|Any CPU
		{CE96A1FC-5582-4326-BF30-C431A3E23546}.Release|Any CPU.ActiveCfg = Release|Any CPU
		{CE96A1FC-5582-4326-BF30-C431A3E23546}.Release|Any CPU.Build.0 = Release|Any CPU
		{8ACEC611-FC6B-4E7D-809B-9B4F02AC5871}.Debug|Any CPU.ActiveCfg = Debug|Any CPU
		{8ACEC611-FC6B-4E7D-809B-9B4F02AC5871}.Debug|Any CPU.Build.0 = Debug|Any CPU
		{8ACEC611-FC6B-4E7D-809B-9B4F02AC5871}.Release|Any CPU.ActiveCfg = Release|Any CPU
		{8ACEC611-FC6B-4E7D-809B-9B4F02AC5871}.Release|Any CPU.Build.0 = Release|Any CPU
		{C3888B5B-5D7B-49EF-A2B5-7A32CD5E50E4}.Debug|Any CPU.ActiveCfg = Debug|Any CPU
		{C3888B5B-5D7B-49EF-A2B5-7A32CD5E50E4}.Debug|Any CPU.Build.0 = Debug|Any CPU
		{C3888B5B-5D7B-49EF-A2B5-7A32CD5E50E4}.Release|Any CPU.ActiveCfg = Release|Any CPU
		{C3888B5B-5D7B-49EF-A2B5-7A32CD5E50E4}.Release|Any CPU.Build.0 = Release|Any CPU
		{0B15D15A-F603-4172-BFF9-A88072C66C2A}.Debug|Any CPU.ActiveCfg = Debug|Any CPU
		{0B15D15A-F603-4172-BFF9-A88072C66C2A}.Debug|Any CPU.Build.0 = Debug|Any CPU
		{0B15D15A-F603-4172-BFF9-A88072C66C2A}.Release|Any CPU.ActiveCfg = Release|Any CPU
		{0B15D15A-F603-4172-BFF9-A88072C66C2A}.Release|Any CPU.Build.0 = Release|Any CPU
		{E70CEEFF-DFCB-4EB2-B061-29AE840D388C}.Debug|Any CPU.ActiveCfg = Debug|Any CPU
		{E70CEEFF-DFCB-4EB2-B061-29AE840D388C}.Debug|Any CPU.Build.0 = Debug|Any CPU
		{E70CEEFF-DFCB-4EB2-B061-29AE840D388C}.Release|Any CPU.ActiveCfg = Release|Any CPU
		{E70CEEFF-DFCB-4EB2-B061-29AE840D388C}.Release|Any CPU.Build.0 = Release|Any CPU
		{47902F5F-D4BE-45E5-B89D-D35C33B8728A}.Debug|Any CPU.ActiveCfg = Debug|Any CPU
		{47902F5F-D4BE-45E5-B89D-D35C33B8728A}.Debug|Any CPU.Build.0 = Debug|Any CPU
		{47902F5F-D4BE-45E5-B89D-D35C33B8728A}.Release|Any CPU.ActiveCfg = Release|Any CPU
		{47902F5F-D4BE-45E5-B89D-D35C33B8728A}.Release|Any CPU.Build.0 = Release|Any CPU
		{08166960-4174-42E3-B47D-2D2BA09345CC}.Debug|Any CPU.ActiveCfg = Debug|Any CPU
		{08166960-4174-42E3-B47D-2D2BA09345CC}.Debug|Any CPU.Build.0 = Debug|Any CPU
		{08166960-4174-42E3-B47D-2D2BA09345CC}.Release|Any CPU.ActiveCfg = Release|Any CPU
		{08166960-4174-42E3-B47D-2D2BA09345CC}.Release|Any CPU.Build.0 = Release|Any CPU
		{3617E905-CCDF-4EF1-BB73-C61DE5111C76}.Debug|Any CPU.ActiveCfg = Debug|Any CPU
		{3617E905-CCDF-4EF1-BB73-C61DE5111C76}.Debug|Any CPU.Build.0 = Debug|Any CPU
		{3617E905-CCDF-4EF1-BB73-C61DE5111C76}.Release|Any CPU.ActiveCfg = Release|Any CPU
		{3617E905-CCDF-4EF1-BB73-C61DE5111C76}.Release|Any CPU.Build.0 = Release|Any CPU
		{A593CA46-0163-4DDD-8ABB-B6D920305DC5}.Debug|Any CPU.ActiveCfg = Debug|Any CPU
		{A593CA46-0163-4DDD-8ABB-B6D920305DC5}.Debug|Any CPU.Build.0 = Debug|Any CPU
		{A593CA46-0163-4DDD-8ABB-B6D920305DC5}.Release|Any CPU.ActiveCfg = Release|Any CPU
		{A593CA46-0163-4DDD-8ABB-B6D920305DC5}.Release|Any CPU.Build.0 = Release|Any CPU
		{E16D93A8-3D10-47E0-AD08-489D51E7C654}.Debug|Any CPU.ActiveCfg = Debug|Any CPU
		{E16D93A8-3D10-47E0-AD08-489D51E7C654}.Debug|Any CPU.Build.0 = Debug|Any CPU
		{E16D93A8-3D10-47E0-AD08-489D51E7C654}.Release|Any CPU.ActiveCfg = Release|Any CPU
		{E16D93A8-3D10-47E0-AD08-489D51E7C654}.Release|Any CPU.Build.0 = Release|Any CPU
		{14B8A285-4D4A-47C3-BC61-A11E8A8E34CC}.Debug|Any CPU.ActiveCfg = Debug|Any CPU
		{14B8A285-4D4A-47C3-BC61-A11E8A8E34CC}.Debug|Any CPU.Build.0 = Debug|Any CPU
		{14B8A285-4D4A-47C3-BC61-A11E8A8E34CC}.Release|Any CPU.ActiveCfg = Release|Any CPU
		{14B8A285-4D4A-47C3-BC61-A11E8A8E34CC}.Release|Any CPU.Build.0 = Release|Any CPU
		{CEAFFD74-D590-4C60-9E93-0B6ECE20FEE2}.Debug|Any CPU.ActiveCfg = Debug|Any CPU
		{CEAFFD74-D590-4C60-9E93-0B6ECE20FEE2}.Debug|Any CPU.Build.0 = Debug|Any CPU
		{CEAFFD74-D590-4C60-9E93-0B6ECE20FEE2}.Release|Any CPU.ActiveCfg = Release|Any CPU
		{CEAFFD74-D590-4C60-9E93-0B6ECE20FEE2}.Release|Any CPU.Build.0 = Release|Any CPU
		{30712A73-0948-46FF-825C-C4D62D30E0A8}.Debug|Any CPU.ActiveCfg = Debug|Any CPU
		{30712A73-0948-46FF-825C-C4D62D30E0A8}.Debug|Any CPU.Build.0 = Debug|Any CPU
		{30712A73-0948-46FF-825C-C4D62D30E0A8}.Release|Any CPU.ActiveCfg = Release|Any CPU
		{30712A73-0948-46FF-825C-C4D62D30E0A8}.Release|Any CPU.Build.0 = Release|Any CPU
		{D4334E17-9B24-4271-B052-B41AECBC9E5C}.Debug|Any CPU.ActiveCfg = Debug|Any CPU
		{D4334E17-9B24-4271-B052-B41AECBC9E5C}.Debug|Any CPU.Build.0 = Debug|Any CPU
		{D4334E17-9B24-4271-B052-B41AECBC9E5C}.Release|Any CPU.ActiveCfg = Release|Any CPU
		{D4334E17-9B24-4271-B052-B41AECBC9E5C}.Release|Any CPU.Build.0 = Release|Any CPU
		{DE035077-DA37-44EE-BFC5-2447BA01B181}.Debug|Any CPU.ActiveCfg = Debug|Any CPU
		{DE035077-DA37-44EE-BFC5-2447BA01B181}.Debug|Any CPU.Build.0 = Debug|Any CPU
		{DE035077-DA37-44EE-BFC5-2447BA01B181}.Release|Any CPU.ActiveCfg = Release|Any CPU
		{DE035077-DA37-44EE-BFC5-2447BA01B181}.Release|Any CPU.Build.0 = Release|Any CPU
		{1AF80CC2-040E-4F0D-8FF2-FA7C827226FE}.Debug|Any CPU.ActiveCfg = Debug|Any CPU
		{1AF80CC2-040E-4F0D-8FF2-FA7C827226FE}.Debug|Any CPU.Build.0 = Debug|Any CPU
		{1AF80CC2-040E-4F0D-8FF2-FA7C827226FE}.Release|Any CPU.ActiveCfg = Release|Any CPU
		{1AF80CC2-040E-4F0D-8FF2-FA7C827226FE}.Release|Any CPU.Build.0 = Release|Any CPU
		{A307F6C1-8222-4671-B205-6B879A7662CF}.Debug|Any CPU.ActiveCfg = Debug|Any CPU
		{A307F6C1-8222-4671-B205-6B879A7662CF}.Debug|Any CPU.Build.0 = Debug|Any CPU
		{A307F6C1-8222-4671-B205-6B879A7662CF}.Release|Any CPU.ActiveCfg = Release|Any CPU
		{A307F6C1-8222-4671-B205-6B879A7662CF}.Release|Any CPU.Build.0 = Release|Any CPU
		{359DBE11-11FA-4D93-82DF-79FEBEB67026}.Debug|Any CPU.ActiveCfg = Debug|Any CPU
		{359DBE11-11FA-4D93-82DF-79FEBEB67026}.Debug|Any CPU.Build.0 = Debug|Any CPU
		{359DBE11-11FA-4D93-82DF-79FEBEB67026}.Release|Any CPU.ActiveCfg = Release|Any CPU
		{359DBE11-11FA-4D93-82DF-79FEBEB67026}.Release|Any CPU.Build.0 = Release|Any CPU
		{285A4133-4BFF-4BA3-AACC-F83DD08FCC92}.Debug|Any CPU.ActiveCfg = Debug|Any CPU
		{285A4133-4BFF-4BA3-AACC-F83DD08FCC92}.Debug|Any CPU.Build.0 = Debug|Any CPU
		{285A4133-4BFF-4BA3-AACC-F83DD08FCC92}.Release|Any CPU.ActiveCfg = Release|Any CPU
		{285A4133-4BFF-4BA3-AACC-F83DD08FCC92}.Release|Any CPU.Build.0 = Release|Any CPU
		{B0CBAF70-C631-4F3C-B488-1D0369DF628C}.Debug|Any CPU.ActiveCfg = Debug|Any CPU
		{B0CBAF70-C631-4F3C-B488-1D0369DF628C}.Debug|Any CPU.Build.0 = Debug|Any CPU
		{B0CBAF70-C631-4F3C-B488-1D0369DF628C}.Release|Any CPU.ActiveCfg = Release|Any CPU
		{B0CBAF70-C631-4F3C-B488-1D0369DF628C}.Release|Any CPU.Build.0 = Release|Any CPU
		{E72BB973-4F5C-4CED-BC1F-69393BD5CACF}.Debug|Any CPU.ActiveCfg = Debug|Any CPU
		{E72BB973-4F5C-4CED-BC1F-69393BD5CACF}.Debug|Any CPU.Build.0 = Debug|Any CPU
		{E72BB973-4F5C-4CED-BC1F-69393BD5CACF}.Release|Any CPU.ActiveCfg = Release|Any CPU
		{E72BB973-4F5C-4CED-BC1F-69393BD5CACF}.Release|Any CPU.Build.0 = Release|Any CPU
		{33CA70D3-A7E2-47E3-92DC-B2544EA0357D}.Debug|Any CPU.ActiveCfg = Debug|Any CPU
		{33CA70D3-A7E2-47E3-92DC-B2544EA0357D}.Debug|Any CPU.Build.0 = Debug|Any CPU
		{33CA70D3-A7E2-47E3-92DC-B2544EA0357D}.Release|Any CPU.ActiveCfg = Release|Any CPU
		{33CA70D3-A7E2-47E3-92DC-B2544EA0357D}.Release|Any CPU.Build.0 = Release|Any CPU
		{857E9B28-8C4F-4753-881A-51562990BEE6}.Debug|Any CPU.ActiveCfg = Debug|Any CPU
		{857E9B28-8C4F-4753-881A-51562990BEE6}.Debug|Any CPU.Build.0 = Debug|Any CPU
		{857E9B28-8C4F-4753-881A-51562990BEE6}.Release|Any CPU.ActiveCfg = Release|Any CPU
		{857E9B28-8C4F-4753-881A-51562990BEE6}.Release|Any CPU.Build.0 = Release|Any CPU
		{ED0C908E-D09B-4314-A608-F80938BD52C5}.Debug|Any CPU.ActiveCfg = Debug|Any CPU
		{ED0C908E-D09B-4314-A608-F80938BD52C5}.Debug|Any CPU.Build.0 = Debug|Any CPU
		{ED0C908E-D09B-4314-A608-F80938BD52C5}.Release|Any CPU.ActiveCfg = Release|Any CPU
		{ED0C908E-D09B-4314-A608-F80938BD52C5}.Release|Any CPU.Build.0 = Release|Any CPU
		{8280E462-A713-4952-B001-F465E98AB0F5}.Debug|Any CPU.ActiveCfg = Debug|Any CPU
		{8280E462-A713-4952-B001-F465E98AB0F5}.Debug|Any CPU.Build.0 = Debug|Any CPU
		{8280E462-A713-4952-B001-F465E98AB0F5}.Release|Any CPU.ActiveCfg = Release|Any CPU
		{8280E462-A713-4952-B001-F465E98AB0F5}.Release|Any CPU.Build.0 = Release|Any CPU
		{81B1AA59-F7BD-402B-937A-8FE565161081}.Debug|Any CPU.ActiveCfg = Debug|Any CPU
		{81B1AA59-F7BD-402B-937A-8FE565161081}.Debug|Any CPU.Build.0 = Debug|Any CPU
		{81B1AA59-F7BD-402B-937A-8FE565161081}.Release|Any CPU.ActiveCfg = Release|Any CPU
		{81B1AA59-F7BD-402B-937A-8FE565161081}.Release|Any CPU.Build.0 = Release|Any CPU
		{2CCD4503-EC5F-497F-B918-2C3B55B9DBDF}.Debug|Any CPU.ActiveCfg = Debug|Any CPU
		{2CCD4503-EC5F-497F-B918-2C3B55B9DBDF}.Debug|Any CPU.Build.0 = Debug|Any CPU
		{2CCD4503-EC5F-497F-B918-2C3B55B9DBDF}.Release|Any CPU.ActiveCfg = Release|Any CPU
		{2CCD4503-EC5F-497F-B918-2C3B55B9DBDF}.Release|Any CPU.Build.0 = Release|Any CPU
		{950314F4-A77F-4CF2-96C7-794779652926}.Debug|Any CPU.ActiveCfg = Debug|Any CPU
		{950314F4-A77F-4CF2-96C7-794779652926}.Debug|Any CPU.Build.0 = Debug|Any CPU
		{950314F4-A77F-4CF2-96C7-794779652926}.Release|Any CPU.ActiveCfg = Release|Any CPU
		{950314F4-A77F-4CF2-96C7-794779652926}.Release|Any CPU.Build.0 = Release|Any CPU
		{A24589A5-C158-4B83-BA00-53DDD47614D7}.Debug|Any CPU.ActiveCfg = Debug|Any CPU
		{A24589A5-C158-4B83-BA00-53DDD47614D7}.Debug|Any CPU.Build.0 = Debug|Any CPU
		{A24589A5-C158-4B83-BA00-53DDD47614D7}.Release|Any CPU.ActiveCfg = Release|Any CPU
		{A24589A5-C158-4B83-BA00-53DDD47614D7}.Release|Any CPU.Build.0 = Release|Any CPU
	EndGlobalSection
EndGlobal
